
Microsoft Visual Studio Solution File, Format Version 12.00
# Visual Studio 15
VisualStudioVersion = 15.0.28307.1259
MinimumVisualStudioVersion = 10.0.40219.1
Project("{FAE04EC0-301F-11D3-BF4B-00C04F79EFBC}") = "Operators", "Operators\Operators.csproj", "{B8C6A92E-EC11-43F4-9AA3-F5BF0F803950}"
EndProject
Global
	GlobalSection(SolutionConfigurationPlatforms) = preSolution
		Debug|Any CPU = Debug|Any CPU
		Release|Any CPU = Release|Any CPU
	EndGlobalSection
	GlobalSection(ProjectConfigurationPlatforms) = postSolution
		{B8C6A92E-EC11-43F4-9AA3-F5BF0F803950}.Debug|Any CPU.ActiveCfg = Debug|Any CPU
		{B8C6A92E-EC11-43F4-9AA3-F5BF0F803950}.Debug|Any CPU.Build.0 = Debug|Any CPU
		{B8C6A92E-EC11-43F4-9AA3-F5BF0F803950}.Release|Any CPU.ActiveCfg = Release|Any CPU
		{B8C6A92E-EC11-43F4-9AA3-F5BF0F803950}.Release|Any CPU.Build.0 = Release|Any CPU
	EndGlobalSection
	GlobalSection(SolutionProperties) = preSolution
		HideSolutionNode = FALSE
	EndGlobalSection
	GlobalSection(ExtensibilityGlobals) = postSolution
		SolutionGuid = {959CEA5F-FE28-4CEA-BBED-7BCA677CAC8D}
	EndGlobalSection
EndGlobal
