
Microsoft Visual Studio Solution File, Format Version 12.00
# Visual Studio 15
VisualStudioVersion = 15.0.28307.1259
MinimumVisualStudioVersion = 10.0.40219.1
Project("{FAE04EC0-301F-11D3-BF4B-00C04F79EFBC}") = "DoorLock_6Num_While", "DoorLock_6Num_While\DoorLock_6Num_While.csproj", "{74992C1E-99AD-4000-9755-5598DD7FF840}"
EndProject
Global
	GlobalSection(SolutionConfigurationPlatforms) = preSolution
		Debug|Any CPU = Debug|Any CPU
		Release|Any CPU = Release|Any CPU
	EndGlobalSection
	GlobalSection(ProjectConfigurationPlatforms) = postSolution
		{74992C1E-99AD-4000-9755-5598DD7FF840}.Debug|Any CPU.ActiveCfg = Debug|Any CPU
		{74992C1E-99AD-4000-9755-5598DD7FF840}.Debug|Any CPU.Build.0 = Debug|Any CPU
		{74992C1E-99AD-4000-9755-5598DD7FF840}.Release|Any CPU.ActiveCfg = Release|Any CPU
		{74992C1E-99AD-4000-9755-5598DD7FF840}.Release|Any CPU.Build.0 = Release|Any CPU
	EndGlobalSection
	GlobalSection(SolutionProperties) = preSolution
		HideSolutionNode = FALSE
	EndGlobalSection
	GlobalSection(ExtensibilityGlobals) = postSolution
		SolutionGuid = {24A510CF-56B0-4E72-B205-6D6095974C29}
	EndGlobalSection
EndGlobal
