
Microsoft Visual Studio Solution File, Format Version 12.00
# Visual Studio 15
VisualStudioVersion = 15.0.28307.1259
MinimumVisualStudioVersion = 10.0.40219.1
Project("{FAE04EC0-301F-11D3-BF4B-00C04F79EFBC}") = "Constant", "Constant\Constant.csproj", "{077E1CAC-B2FA-4293-B6F0-5F10C9BCCBD1}"
EndProject
Global
	GlobalSection(SolutionConfigurationPlatforms) = preSolution
		Debug|Any CPU = Debug|Any CPU
		Release|Any CPU = Release|Any CPU
	EndGlobalSection
	GlobalSection(ProjectConfigurationPlatforms) = postSolution
		{077E1CAC-B2FA-4293-B6F0-5F10C9BCCBD1}.Debug|Any CPU.ActiveCfg = Debug|Any CPU
		{077E1CAC-B2FA-4293-B6F0-5F10C9BCCBD1}.Debug|Any CPU.Build.0 = Debug|Any CPU
		{077E1CAC-B2FA-4293-B6F0-5F10C9BCCBD1}.Release|Any CPU.ActiveCfg = Release|Any CPU
		{077E1CAC-B2FA-4293-B6F0-5F10C9BCCBD1}.Release|Any CPU.Build.0 = Release|Any CPU
	EndGlobalSection
	GlobalSection(SolutionProperties) = preSolution
		HideSolutionNode = FALSE
	EndGlobalSection
	GlobalSection(ExtensibilityGlobals) = postSolution
		SolutionGuid = {80749E65-F1A4-4FD3-A3B8-7DBA6ABEB0D8}
	EndGlobalSection
EndGlobal
