
Microsoft Visual Studio Solution File, Format Version 12.00
# Visual Studio 15
VisualStudioVersion = 15.0.28307.1259
MinimumVisualStudioVersion = 10.0.40219.1
Project("{FAE04EC0-301F-11D3-BF4B-00C04F79EFBC}") = "Calculator", "Calculator\Calculator.csproj", "{640C2C60-71E2-457B-A7B4-4E310ABC1C7A}"
EndProject
Global
	GlobalSection(SolutionConfigurationPlatforms) = preSolution
		Debug|Any CPU = Debug|Any CPU
		Release|Any CPU = Release|Any CPU
	EndGlobalSection
	GlobalSection(ProjectConfigurationPlatforms) = postSolution
		{640C2C60-71E2-457B-A7B4-4E310ABC1C7A}.Debug|Any CPU.ActiveCfg = Debug|Any CPU
		{640C2C60-71E2-457B-A7B4-4E310ABC1C7A}.Debug|Any CPU.Build.0 = Debug|Any CPU
		{640C2C60-71E2-457B-A7B4-4E310ABC1C7A}.Release|Any CPU.ActiveCfg = Release|Any CPU
		{640C2C60-71E2-457B-A7B4-4E310ABC1C7A}.Release|Any CPU.Build.0 = Release|Any CPU
	EndGlobalSection
	GlobalSection(SolutionProperties) = preSolution
		HideSolutionNode = FALSE
	EndGlobalSection
	GlobalSection(ExtensibilityGlobals) = postSolution
		SolutionGuid = {74080D33-2550-4190-99D6-6B519148CE02}
	EndGlobalSection
EndGlobal
