
Microsoft Visual Studio Solution File, Format Version 12.00
# Visual Studio 15
VisualStudioVersion = 15.0.28307.1259
MinimumVisualStudioVersion = 10.0.40219.1
Project("{FAE04EC0-301F-11D3-BF4B-00C04F79EFBC}") = "Echo", "Echo\Echo.csproj", "{FFE0F1AD-F767-4BBD-90E4-0436D4A3551B}"
EndProject
Global
	GlobalSection(SolutionConfigurationPlatforms) = preSolution
		Debug|Any CPU = Debug|Any CPU
		Release|Any CPU = Release|Any CPU
	EndGlobalSection
	GlobalSection(ProjectConfigurationPlatforms) = postSolution
		{FFE0F1AD-F767-4BBD-90E4-0436D4A3551B}.Debug|Any CPU.ActiveCfg = Debug|Any CPU
		{FFE0F1AD-F767-4BBD-90E4-0436D4A3551B}.Debug|Any CPU.Build.0 = Debug|Any CPU
		{FFE0F1AD-F767-4BBD-90E4-0436D4A3551B}.Release|Any CPU.ActiveCfg = Release|Any CPU
		{FFE0F1AD-F767-4BBD-90E4-0436D4A3551B}.Release|Any CPU.Build.0 = Release|Any CPU
	EndGlobalSection
	GlobalSection(SolutionProperties) = preSolution
		HideSolutionNode = FALSE
	EndGlobalSection
	GlobalSection(ExtensibilityGlobals) = postSolution
		SolutionGuid = {1759BB71-67A0-41A2-B0A7-C0AE57FCB528}
	EndGlobalSection
EndGlobal
