
Microsoft Visual Studio Solution File, Format Version 12.00
# Visual Studio 15
VisualStudioVersion = 15.0.28307.1259
MinimumVisualStudioVersion = 10.0.40219.1
Project("{FAE04EC0-301F-11D3-BF4B-00C04F79EFBC}") = "Gugudan", "Gugudan\Gugudan.csproj", "{4D0F64E1-C718-4A9D-9373-67A4E30FCA74}"
EndProject
Global
	GlobalSection(SolutionConfigurationPlatforms) = preSolution
		Debug|Any CPU = Debug|Any CPU
		Release|Any CPU = Release|Any CPU
	EndGlobalSection
	GlobalSection(ProjectConfigurationPlatforms) = postSolution
		{4D0F64E1-C718-4A9D-9373-67A4E30FCA74}.Debug|Any CPU.ActiveCfg = Debug|Any CPU
		{4D0F64E1-C718-4A9D-9373-67A4E30FCA74}.Debug|Any CPU.Build.0 = Debug|Any CPU
		{4D0F64E1-C718-4A9D-9373-67A4E30FCA74}.Release|Any CPU.ActiveCfg = Release|Any CPU
		{4D0F64E1-C718-4A9D-9373-67A4E30FCA74}.Release|Any CPU.Build.0 = Release|Any CPU
	EndGlobalSection
	GlobalSection(SolutionProperties) = preSolution
		HideSolutionNode = FALSE
	EndGlobalSection
	GlobalSection(ExtensibilityGlobals) = postSolution
		SolutionGuid = {90B030DF-51BA-4E7B-A41E-0E6484C01826}
	EndGlobalSection
EndGlobal
