
Microsoft Visual Studio Solution File, Format Version 12.00
# Visual Studio 15
VisualStudioVersion = 15.0.28307.1259
MinimumVisualStudioVersion = 10.0.40219.1
Project("{FAE04EC0-301F-11D3-BF4B-00C04F79EFBC}") = "ComparisonOperators", "ComparisonOperators\ComparisonOperators.csproj", "{796EE85B-9EA1-4AD8-8193-A433D18717B9}"
EndProject
Global
	GlobalSection(SolutionConfigurationPlatforms) = preSolution
		Debug|Any CPU = Debug|Any CPU
		Release|Any CPU = Release|Any CPU
	EndGlobalSection
	GlobalSection(ProjectConfigurationPlatforms) = postSolution
		{796EE85B-9EA1-4AD8-8193-A433D18717B9}.Debug|Any CPU.ActiveCfg = Debug|Any CPU
		{796EE85B-9EA1-4AD8-8193-A433D18717B9}.Debug|Any CPU.Build.0 = Debug|Any CPU
		{796EE85B-9EA1-4AD8-8193-A433D18717B9}.Release|Any CPU.ActiveCfg = Release|Any CPU
		{796EE85B-9EA1-4AD8-8193-A433D18717B9}.Release|Any CPU.Build.0 = Release|Any CPU
	EndGlobalSection
	GlobalSection(SolutionProperties) = preSolution
		HideSolutionNode = FALSE
	EndGlobalSection
	GlobalSection(ExtensibilityGlobals) = postSolution
		SolutionGuid = {05B19670-C527-4C8C-9515-E46B80728857}
	EndGlobalSection
EndGlobal
