
Microsoft Visual Studio Solution File, Format Version 12.00
# Visual Studio 15
VisualStudioVersion = 15.0.28307.1259
MinimumVisualStudioVersion = 10.0.40219.1
Project("{FAE04EC0-301F-11D3-BF4B-00C04F79EFBC}") = "LottoNumberGenerator", "LottoNumberGenerator\LottoNumberGenerator.csproj", "{61444714-58C3-4DA6-854E-A675165C5085}"
EndProject
Global
	GlobalSection(SolutionConfigurationPlatforms) = preSolution
		Debug|Any CPU = Debug|Any CPU
		Release|Any CPU = Release|Any CPU
	EndGlobalSection
	GlobalSection(ProjectConfigurationPlatforms) = postSolution
		{61444714-58C3-4DA6-854E-A675165C5085}.Debug|Any CPU.ActiveCfg = Debug|Any CPU
		{61444714-58C3-4DA6-854E-A675165C5085}.Debug|Any CPU.Build.0 = Debug|Any CPU
		{61444714-58C3-4DA6-854E-A675165C5085}.Release|Any CPU.ActiveCfg = Release|Any CPU
		{61444714-58C3-4DA6-854E-A675165C5085}.Release|Any CPU.Build.0 = Release|Any CPU
	EndGlobalSection
	GlobalSection(SolutionProperties) = preSolution
		HideSolutionNode = FALSE
	EndGlobalSection
	GlobalSection(ExtensibilityGlobals) = postSolution
		SolutionGuid = {AAA72E1E-F71A-4B6E-9CBB-3E5BBFF35898}
	EndGlobalSection
EndGlobal
